
Microsoft Visual Studio Solution File, Format Version 12.00
# Visual Studio 14
VisualStudioVersion = 14.0.24720.0
MinimumVisualStudioVersion = 10.0.40219.1
Project("{FAE04EC0-301F-11D3-BF4B-00C04F79EFBC}") = "TCPServerDemo", "TCPServerDemo\TCPServerDemo.csproj", "{DC859AA5-22E4-42FC-B3D3-4F6EB03D3572}"
EndProject
Project("{FAE04EC0-301F-11D3-BF4B-00C04F79EFBC}") = "TcpClientTutorial", "TcpClientTutorial\TcpClientTutorial.csproj", "{24E7B96A-E343-43B1-9337-C41B1DA562D1}"
EndProject
Global
	GlobalSection(SolutionConfigurationPlatforms) = preSolution
		Debug|Any CPU = Debug|Any CPU
		Release|Any CPU = Release|Any CPU
	EndGlobalSection
	GlobalSection(ProjectConfigurationPlatforms) = postSolution
		{DC859AA5-22E4-42FC-B3D3-4F6EB03D3572}.Debug|Any CPU.ActiveCfg = Debug|Any CPU
		{DC859AA5-22E4-42FC-B3D3-4F6EB03D3572}.Debug|Any CPU.Build.0 = Debug|Any CPU
		{DC859AA5-22E4-42FC-B3D3-4F6EB03D3572}.Release|Any CPU.ActiveCfg = Release|Any CPU
		{DC859AA5-22E4-42FC-B3D3-4F6EB03D3572}.Release|Any CPU.Build.0 = Release|Any CPU
		{24E7B96A-E343-43B1-9337-C41B1DA562D1}.Debug|Any CPU.ActiveCfg = Debug|Any CPU
		{24E7B96A-E343-43B1-9337-C41B1DA562D1}.Debug|Any CPU.Build.0 = Debug|Any CPU
		{24E7B96A-E343-43B1-9337-C41B1DA562D1}.Release|Any CPU.ActiveCfg = Release|Any CPU
		{24E7B96A-E343-43B1-9337-C41B1DA562D1}.Release|Any CPU.Build.0 = Release|Any CPU
	EndGlobalSection
	GlobalSection(SolutionProperties) = preSolution
		HideSolutionNode = FALSE
	EndGlobalSection
EndGlobal
